# THIS IS AN AUTOGENERATED FILE. DO NOT EDIT THIS FILE DIRECTLY.
# yarn lockfile v1


"@algolia/cache-browser-local-storage@4.8.0":
  version "4.8.0"
  resolved "https://registry.yarnpkg.com/@algolia/cache-browser-local-storage/-/cache-browser-local-storage-4.8.0.tgz#42137b8e18474e8a94bd7206d7e4ada2daf5da04"
  integrity sha512-VnI25yr+3LfCnHdp4YWWjdjtTseY3/hFwhp9vXBZLq+ZCbGpDiRjCNP9ZXLJELrtugk5tn2DpBGN2LWF4ZpKLg==
  dependencies:
    "@algolia/cache-common" "4.8.0"

"@algolia/cache-common@4.8.0":
  version "4.8.0"
  resolved "https://registry.yarnpkg.com/@algolia/cache-common/-/cache-common-4.8.0.tgz#fd57e4bfb75c93ae82c1cf047fa81511d720cfd9"
  integrity sha512-68WmVpHOFerjDh7AqUZdGdZF/wR1kEmDv1o32Gcty00BIfHLAo8YuA7ijoTPhJh4fGWwR2gYIybO/WOmFhwK5Q==

"@algolia/cache-in-memory@4.8.0":
  version "4.8.0"
  resolved "https://registry.yarnpkg.com/@algolia/cache-in-memory/-/cache-in-memory-4.8.0.tgz#7716ec2dd797f890e69fb48e44add5ae1faa1ad3"
  integrity sha512-m1uYLns8+PzlTy8xeXkM+p2sjFCJahYnrPj0s8ymU1bHgQC5qGp7rEz7o7zxElGYBeJ+f8tNiXrsnCnutASfNg==
  dependencies:
    "@algolia/cache-common" "4.8.0"

"@algolia/client-account@4.8.0":
  version "4.8.0"
  resolved "https://registry.yarnpkg.com/@algolia/client-account/-/client-account-4.8.0.tgz#0b88d04a1733fc48b813db4e1d7a8226062ae79b"
  integrity sha512-xNMfm7UPuPQpKtd5a2NB8j5LGockB4vsx+/0O9ZbboMKbDeucWa44CpXx7p0vPXW4SUgifCu7AFN//qXxIyxXg==
  dependencies:
    "@algolia/client-common" "4.8.0"
    "@algolia/client-search" "4.8.0"
    "@algolia/transporter" "4.8.0"

"@algolia/client-analytics@4.8.0":
  version "4.8.0"
  resolved "https://registry.yarnpkg.com/@algolia/client-analytics/-/client-analytics-4.8.0.tgz#3bd928f20e20c15feb0cb3741ac581bfb8aecd51"
  integrity sha512-Zq+yjvN03E7sDvLer9NvGfab9WplckRCGjnyDcdk11rF1Bhht8adtbfyaO78Ftl2SujkvBMsnTF8THVf0Ewplg==
  dependencies:
    "@algolia/client-common" "4.8.0"
    "@algolia/client-search" "4.8.0"
    "@algolia/requester-common" "4.8.0"
    "@algolia/transporter" "4.8.0"

"@algolia/client-common@4.8.0":
  version "4.8.0"
  resolved "https://registry.yarnpkg.com/@algolia/client-common/-/client-common-4.8.0.tgz#3c3fcfa135fae2813d2be13e23282714cc306b98"
  integrity sha512-tjth4GICsY/V3gFtzebH7fS9V9/dlLdKpMgjbrNeIDo+rB3vJtBYwguhUrVLl2x2H0Hu5ffN26VclXRHFpwslg==
  dependencies:
    "@algolia/requester-common" "4.8.0"
    "@algolia/transporter" "4.8.0"

"@algolia/client-recommendation@4.8.0":
  version "4.8.0"
  resolved "https://registry.yarnpkg.com/@algolia/client-recommendation/-/client-recommendation-4.8.0.tgz#fbe6d49ad9a87ee0ffdd79491e1332a1711ebbd2"
  integrity sha512-HdKBNRYVrFhyX3oPZg+LT1peO7tMawFYtiMHGoHFyR0PHfqMIw305NAErV+jGo3WmLJuyt4ywNrTtQnwFd+YYw==
  dependencies:
    "@algolia/client-common" "4.8.0"
    "@algolia/requester-common" "4.8.0"
    "@algolia/transporter" "4.8.0"

"@algolia/client-search@4.8.0":
  version "4.8.0"
  resolved "https://registry.yarnpkg.com/@algolia/client-search/-/client-search-4.8.0.tgz#be9021adcb958f9e5478159e38f741b98e88f8ca"
  integrity sha512-emfW9q/uqO4FmB7vLipLk+O/m4BKsAZ7Yaaamawv35kw1HqfBdJZZbIUcg5aGz45SIUdA36WIuT7JiRdrCfxBA==
  dependencies:
    "@algolia/client-common" "4.8.0"
    "@algolia/requester-common" "4.8.0"
    "@algolia/transporter" "4.8.0"

"@algolia/logger-common@4.8.0":
  version "4.8.0"
  resolved "https://registry.yarnpkg.com/@algolia/logger-common/-/logger-common-4.8.0.tgz#ef5541a39bc13cf2a8b024f8f3dc6e35b08bbffe"
  integrity sha512-6kewiORcU2a56hJOo5+Q91SF2ynk5H89jmfnNsveHdl3PPaOKJSsb9tqIErOZyv911zeeK6bVTCHllYeeJkxsg==

"@algolia/logger-console@4.8.0":
  version "4.8.0"
  resolved "https://registry.yarnpkg.com/@algolia/logger-console/-/logger-console-4.8.0.tgz#4c2dd4c66788f7e47b91fe027c129f20c3006146"
  integrity sha512-K1E/ppSHo5+215tj2G2N4LNjQLYjh6NfRDlAD30x9M6BbTSDI8tf12CgiPBe6wmdj8IQLzA2+5od8MSZKBpUMA==
  dependencies:
    "@algolia/logger-common" "4.8.0"

"@algolia/requester-browser-xhr@4.8.0":
  version "4.8.0"
  resolved "https://registry.yarnpkg.com/@algolia/requester-browser-xhr/-/requester-browser-xhr-4.8.0.tgz#30c59783ea865504aa843eb6ba49daf92bbfb6d1"
  integrity sha512-BCKwuGQX+HujFeTpJdA9VwSFyjvmyz1wYdoYcCxgROWrM8QRCxxFvGUKCCjvkRf1vuqz/6xoSTsysZyKFkcjTA==
  dependencies:
    "@algolia/requester-common" "4.8.0"

"@algolia/requester-common@4.8.0":
  version "4.8.0"
  resolved "https://registry.yarnpkg.com/@algolia/requester-common/-/requester-common-4.8.0.tgz#515d46294ec14a982ea75ac9ce97e20566c1c576"
  integrity sha512-JKjlHPZU43rTcyvANHh5ctYRNXIZea2g5A33YPlrCXFJb3BBqS/H0ssFNyEwp8SJxJR3uUHl3m6DJpvuA7RtHg==

"@algolia/requester-node-http@4.8.0":
  version "4.8.0"
  resolved "https://registry.yarnpkg.com/@algolia/requester-node-http/-/requester-node-http-4.8.0.tgz#7bf308a91f7b1854df91c5855fa9313949a70607"
  integrity sha512-OSX00OXT/SWTmVwi7bkfSoGJdo9zwUHb1o0j71WbIdt8NH1KVZdC1mFfyRPp5mN2pi02brm3tv9NGNCeaLgLvQ==
  dependencies:
    "@algolia/requester-common" "4.8.0"

"@algolia/transporter@4.8.0":
  version "4.8.0"
  resolved "https://registry.yarnpkg.com/@algolia/transporter/-/transporter-4.8.0.tgz#4ddf9db11c946ddbbd640ad3bced38147734a24a"
  integrity sha512-fYYXUMQ5avvW1a1vLdQX8qRiPxUv3C1+DAw0nWDqfhHAesQtgwsibRmuQV9XVs3hpmRwiZbavzD+dXbhkY/XCQ==
  dependencies:
    "@algolia/cache-common" "4.8.0"
    "@algolia/logger-common" "4.8.0"
    "@algolia/requester-common" "4.8.0"

algoliasearch@4.8.0:
  version "4.8.0"
  resolved "https://registry.yarnpkg.com/algoliasearch/-/algoliasearch-4.8.0.tgz#12bb88b4093b05a5afdc369d3e8b83036d5f4822"
  integrity sha512-y2PisBS5323otDtuZuUJavk6AATBiq7M/lDryClRigpU3dHGGamtoN/8dDD4/giw38QV7dfw2LwogU6Xb4txmQ==
  dependencies:
    "@algolia/cache-browser-local-storage" "4.8.0"
    "@algolia/cache-common" "4.8.0"
    "@algolia/cache-in-memory" "4.8.0"
    "@algolia/client-account" "4.8.0"
    "@algolia/client-analytics" "4.8.0"
    "@algolia/client-common" "4.8.0"
    "@algolia/client-recommendation" "4.8.0"
    "@algolia/client-search" "4.8.0"
    "@algolia/logger-common" "4.8.0"
    "@algolia/logger-console" "4.8.0"
    "@algolia/requester-browser-xhr" "4.8.0"
    "@algolia/requester-common" "4.8.0"
    "@algolia/requester-node-http" "4.8.0"
    "@algolia/transporter" "4.8.0"

husky@7.0.4:
  version "7.0.4"
  resolved "https://registry.yarnpkg.com/husky/-/husky-7.0.4.tgz#242048245dc49c8fb1bf0cc7cfb98dd722531535"
  integrity sha512-vbaCKN2QLtP/vD4yvs6iz6hBEo6wkSzs8HpRah1Z6aGmF2KW5PdYuAd7uX5a+OyBZHBhd+TFLqgjUgytQr4RvQ==

"js-tokens@^3.0.0 || ^4.0.0":
  version "4.0.0"
  resolved "https://registry.yarnpkg.com/js-tokens/-/js-tokens-4.0.0.tgz#19203fb59991df98e3a287050d4647cdeaf32499"
  integrity sha512-RdJUflcE3cUzKiMqQgsCu06FPu9UdIJO0beYbPhHN4k6apgJtifcoCtT9bcxOpYBtpD2kCM6Sbzg4CausW/PKQ==

loose-envify@^1.1.0:
  version "1.4.0"
  resolved "https://registry.yarnpkg.com/loose-envify/-/loose-envify-1.4.0.tgz#71ee51fa7be4caec1a63839f7e682d8132d30caf"
  integrity sha512-lyuxPGr/Wfhrlem2CL/UcnUc1zcqKAImBDzukY7Y5F/yQiNdko6+fRLevlw1HgMySw7f611UIY408EtxRSoK3Q==
  dependencies:
    js-tokens "^3.0.0 || ^4.0.0"

object-assign@^4.1.1:
  version "4.1.1"
  resolved "https://registry.yarnpkg.com/object-assign/-/object-assign-4.1.1.tgz#2109adc7965887cfc05cbbd442cac8bfbb360863"
  integrity sha512-rJgTQnkUnH1sFw8yT6VSU3zD3sWmu6sZhIseY8VX+GRu3P6F7Fu+JNDoXfklElbLJSnc3FUQHVe4cU5hj+BcUg==

prettier@^2.6.2:
  version "2.7.1"
  resolved "https://registry.yarnpkg.com/prettier/-/prettier-2.7.1.tgz#e235806850d057f97bb08368a4f7d899f7760c64"
  integrity sha512-ujppO+MkdPqoVINuDFDRLClm7D78qbDt0/NR+wp5FqEZOoTNAjPHWj17QRhu7geIHJfcNhRk1XVQmF8Bp3ye+g==

react@17.0.2:
  version "17.0.2"
  resolved "https://registry.yarnpkg.com/react/-/react-17.0.2.tgz#d0b5cc516d29eb3eee383f75b62864cfb6800037"
  integrity sha512-gnhPt75i/dq/z3/6q/0asP78D0u592D5L1pd7M8P+dck6Fu/jJeL6iVVK23fptSUZj8Vjf++7wXA8UNclGQcbA==
  dependencies:
    loose-envify "^1.1.0"
    object-assign "^4.1.1"

typescript@4.6.3:
  version "4.6.3"
  resolved "https://registry.yarnpkg.com/typescript/-/typescript-4.6.3.tgz#eefeafa6afdd31d725584c67a0eaba80f6fc6c6c"
  integrity sha512-yNIatDa5iaofVozS/uQJEl3JRWLKKGJKh6Yaiv0GLGSuhpFJe7P3SbHZ8/yjAHRQwKRoA6YZqlfjXWmVzoVSMw==
